
Microsoft Visual Studio Solution File, Format Version 12.00
# Visual Studio Version 17
VisualStudioVersion = 17.0.31903.59
MinimumVisualStudioVersion = 10.0.40219.1
Project("{2150E333-8FDC-42A3-9474-1A3956D46DE8}") = "docs", "docs", "{02EA681E-C7D8-13C7-8484-4AC65E1B71E8}"
	ProjectSection(SolutionItems) = preProject
		docs\A.txt = docs\A.txt
	EndProjectSection
EndProject
Project("{2150E333-8FDC-42A3-9474-1A3956D46DE8}") = "src", "src", "{B1390499-513E-4092-9B85-6D640ED2A8F7}"
EndProject
Project("{2150E333-8FDC-42A3-9474-1A3956D46DE8}") = "tests", "tests", "{7BE29FFE-899C-4AAF-AEE2-262145457C12}"
	ProjectSection(SolutionItems) = preProject
		tests\A.txt = tests\A.txt
	EndProjectSection
EndProject
Project("{2150E333-8FDC-42A3-9474-1A3956D46DE8}") = "Solution Items", "Solution Items", "{8EC462FD-D22E-90A8-E5CE-7E832BA40C5D}"
	ProjectSection(SolutionItems) = preProject
		.gitignore = .gitignore
		Directory.Build.props = Directory.Build.props
		Directory.Packages.props = Directory.Packages.props
		README.md = README.md
	EndProjectSection
EndProject
Project("{FAE04EC0-301F-11D3-BF4B-00C04F79EFBC}") = "GameStore.Api", "src\GameStore.Api\GameStore.Api.csproj", "{DEE97A76-C9A3-BFAF-1CCD-4A95303F54F6}"
EndProject
Project("{FAE04EC0-301F-11D3-BF4B-00C04F79EFBC}") = "GameStore.Api.Tests", "tests\GameStore.Api.Tests\GameStore.Api.Tests.csproj", "{986D5004-8DFA-4A62-B3C7-B2019A38966B}"
EndProject
Global
	GlobalSection(SolutionConfigurationPlatforms) = preSolution
		Debug|Any CPU = Debug|Any CPU
		Release|Any CPU = Release|Any CPU
	EndGlobalSection
	GlobalSection(ProjectConfigurationPlatforms) = postSolution
		{DEE97A76-C9A3-BFAF-1CCD-4A95303F54F6}.Debug|Any CPU.ActiveCfg = Debug|Any CPU
		{DEE97A76-C9A3-BFAF-1CCD-4A95303F54F6}.Debug|Any CPU.Build.0 = Debug|Any CPU
		{DEE97A76-C9A3-BFAF-1CCD-4A95303F54F6}.Release|Any CPU.ActiveCfg = Release|Any CPU
		{DEE97A76-C9A3-BFAF-1CCD-4A95303F54F6}.Release|Any CPU.Build.0 = Release|Any CPU
		{986D5004-8DFA-4A62-B3C7-B2019A38966B}.Debug|Any CPU.ActiveCfg = Debug|Any CPU
		{986D5004-8DFA-4A62-B3C7-B2019A38966B}.Debug|Any CPU.Build.0 = Debug|Any CPU
		{986D5004-8DFA-4A62-B3C7-B2019A38966B}.Release|Any CPU.ActiveCfg = Release|Any CPU
		{986D5004-8DFA-4A62-B3C7-B2019A38966B}.Release|Any CPU.Build.0 = Release|Any CPU
	EndGlobalSection
	GlobalSection(SolutionProperties) = preSolution
		HideSolutionNode = FALSE
	EndGlobalSection
	GlobalSection(NestedProjects) = preSolution
		{DEE97A76-C9A3-BFAF-1CCD-4A95303F54F6} = {B1390499-513E-4092-9B85-6D640ED2A8F7}
		{986D5004-8DFA-4A62-B3C7-B2019A38966B} = {7BE29FFE-899C-4AAF-AEE2-262145457C12}
	EndGlobalSection
	GlobalSection(ExtensibilityGlobals) = postSolution
		SolutionGuid = {C60A6E80-0DEA-4939-B5BA-DCB40D717626}
	EndGlobalSection
EndGlobal
